PODS:
  - Alamofire (4.2.0)
  - Moya (8.0.0-beta.5):
    - Moya/Core (= 8.0.0-beta.5)
  - Moya-ObjectMapper (2.2.1):
    - Moya-ObjectMapper/Core (= 2.2.1)
  - Moya-ObjectMapper/Core (2.2.1):
    - Moya (>= 8.0.0-beta.4)
    - ObjectMapper (= 2.2.1)
  - Moya/Core (8.0.0-beta.5):
    - Alamofire (~> 4.0)
    - Result (~> 3.0)
  - Moya/RxSwift (8.0.0-beta.5):
    - Moya/Core
    - RxSwift (~> 3.0)
  - ObjectMapper (2.2.1)
  - Realm (2.1.1):
    - Realm/Headers (= 2.1.1)
  - Realm/Headers (2.1.1)
  - RealmSwift (2.1.1):
    - Realm (= 2.1.1)
  - Result (3.1.0)
  - RxCocoa (3.0.1):
    - RxSwift (~> 3.0)
  - RxOptional (3.1.3):
    - RxCocoa
    - RxSwift
  - RxRealm (0.3.2):
    - RealmSwift (~> 2.0)
    - RxSwift (~> 3.0.0)
  - RxSwift (3.0.1)

DEPENDENCIES:
  - Moya-ObjectMapper (from `https://github.com/ivanbruel/Moya-ObjectMapper`)
  - Moya/RxSwift (~> 8.0.0-beta.5)
  - ObjectMapper (~> 2.0)
  - RealmSwift (~> 2.1.1)
  - RxCocoa (~> 3.0.0)
  - RxOptional (~> 3.1.0)
  - RxRealm (~> 0.3.2)
  - RxSwift (~> 3.0.0)

EXTERNAL SOURCES:
  Moya-ObjectMapper:
    :git: https://github.com/ivanbruel/Moya-ObjectMapper

CHECKOUT OPTIONS:
  Moya-ObjectMapper:
    :commit: 2c82539c7189a0a1bef360289a06090a5f56d5b8
    :git: https://github.com/ivanbruel/Moya-ObjectMapper

SPEC CHECKSUMS:
  Alamofire: aa2e09d871c9160ac53c90e83c68064a94e3dfbe
  Moya: a3bbabe1e21a96066199a2dad874db1949510214
  Moya-ObjectMapper: 6852b17a8971dd9f614322ace8d36a4e6f14ba5c
  ObjectMapper: 41e43e1a89f8060ef5ea5d04ba852e269a621d68
  Realm: a55959c0b171a5fe5267406d17f314fec3cefaae
  RealmSwift: 749fd955bf8d6471c21d218b9389a47aaeccfe3f
  Result: 4e3ed5995ed94d0cd6a09be9a431fce3f3624bbf
  RxCocoa: 15a52fc590dcc700cb4a690a633b5c5184ce3a78
  RxOptional: b97b59183af80d1e729ac9e51d09a10be668d6a8
  RxRealm: 42a12f1e62d6b54a8529fe0292d52c8e9f9b3267
  RxSwift: af5680055c4ad04480189c52d28385b1029493a6

PODFILE CHECKSUM: 098e770c2dcc3fd96feb4fdab24c420bd98266f2

COCOAPODS: 1.1.1
