// !$*UTF8*$!
{
	archiveVersion = 1;
	classes = {
	};
	objectVersion = 46;
	objects = {

/* Begin PBXBuildFile section */
		8DC2C53C1DFB188A0069A869 /* AppDelegate.swift in Sources */ = {isa = PBXBuildFile; fileRef = 8DC2C53B1DFB188A0069A869 /* AppDelegate.swift */; };
		8DC2C53E1DFB188A0069A869 /* ViewController.swift in Sources */ = {isa = PBXBuildFile; fileRef = 8DC2C53D1DFB188A0069A869 /* ViewController.swift */; };
		8DC2C5411DFB188A0069A869 /* Main.storyboard in Resources */ = {isa = PBXBuildFile; fileRef = 8DC2C53F1DFB188A0069A869 /* Main.storyboard */; };
		8DC2C5431DFB188A0069A869 /* Assets.xcassets in Resources */ = {isa = PBXBuildFile; fileRef = 8DC2C5421DFB188A0069A869 /* Assets.xcassets */; };
		8DC2C5461DFB188A0069A869 /* LaunchScreen.storyboard in Resources */ = {isa = PBXBuildFile; fileRef = 8DC2C5441DFB188A0069A869 /* LaunchScreen.storyboard */; };
		8DC2C54E1DFB19470069A869 /* Clan.swift in Sources */ = {isa = PBXBuildFile; fileRef = 8DC2C54D1DFB19470069A869 /* Clan.swift */; };
		8DC2C5501DFB19560069A869 /* ClanContainer.swift in Sources */ = {isa = PBXBuildFile; fileRef = 8DC2C54F1DFB19560069A869 /* ClanContainer.swift */; };
		8DC2C5541DFB1A630069A869 /* Clans.json in Resources */ = {isa = PBXBuildFile; fileRef = 8DC2C5531DFB1A630069A869 /* Clans.json */; };
		8DC2C5571DFB1A9F0069A869 /* APIService.swift in Sources */ = {isa = PBXBuildFile; fileRef = 8DC2C5561DFB1A9F0069A869 /* APIService.swift */; };
		8DC2C5591DFB1EED0069A869 /* TempFetcher.swift in Sources */ = {isa = PBXBuildFile; fileRef = 8DC2C5581DFB1EED0069A869 /* TempFetcher.swift */; };
		8DC2C55B1DFB27070069A869 /* RealmListTransform.swift in Sources */ = {isa = PBXBuildFile; fileRef = 8DC2C55A1DFB27070069A869 /* RealmListTransform.swift */; };
		C99DD0821DFE5166003BD1D7 /* Errors.swift in Sources */ = {isa = PBXBuildFile; fileRef = C99DD0811DFE5166003BD1D7 /* Errors.swift */; };
		C99DD0841DFFA98B003BD1D7 /* Network.swift in Sources */ = {isa = PBXBuildFile; fileRef = C99DD0831DFFA98B003BD1D7 /* Network.swift */; };
		C9AE08BC5622A5746A83B5C2 /* Pods_CoC.framework in Frameworks */ = {isa = PBXBuildFile; fileRef = 2269A03F0A81017156546083 /* Pods_CoC.framework */; };
/* End PBXBuildFile section */

/* Begin PBXFileReference section */
		2269A03F0A81017156546083 /* Pods_CoC.framework */ = {isa = PBXFileReference; explicitFileType = wrapper.framework; includeInIndex = 0; path = Pods_CoC.framework; sourceTree = BUILT_PRODUCTS_DIR; };
		8DC2C5381DFB188A0069A869 /* CoC.app */ = {isa = PBXFileReference; explicitFileType = wrapper.application; includeInIndex = 0; path = CoC.app; sourceTree = BUILT_PRODUCTS_DIR; };
		8DC2C53B1DFB188A0069A869 /* AppDelegate.swift */ = {isa = PBXFileReference; lastKnownFileType = sourcecode.swift; path = AppDelegate.swift; sourceTree = "<group>"; };
		8DC2C53D1DFB188A0069A869 /* ViewController.swift */ = {isa = PBXFileReference; lastKnownFileType = sourcecode.swift; path = ViewController.swift; sourceTree = "<group>"; };
		8DC2C5401DFB188A0069A869 /* Base */ = {isa = PBXFileReference; lastKnownFileType = file.storyboard; name = Base; path = Base.lproj/Main.storyboard; sourceTree = "<group>"; };
		8DC2C5421DFB188A0069A869 /* Assets.xcassets */ = {isa = PBXFileReference; lastKnownFileType = folder.assetcatalog; path = Assets.xcassets; sourceTree = "<group>"; };
		8DC2C5451DFB188A0069A869 /* Base */ = {isa = PBXFileReference; lastKnownFileType = file.storyboard; name = Base; path = Base.lproj/LaunchScreen.storyboard; sourceTree = "<group>"; };
		8DC2C5471DFB188A0069A869 /* Info.plist */ = {isa = PBXFileReference; lastKnownFileType = text.plist.xml; path = Info.plist; sourceTree = "<group>"; };
		8DC2C54D1DFB19470069A869 /* Clan.swift */ = {isa = PBXFileReference; fileEncoding = 4; lastKnownFileType = sourcecode.swift; path = Clan.swift; sourceTree = "<group>"; };
		8DC2C54F1DFB19560069A869 /* ClanContainer.swift */ = {isa = PBXFileReference; fileEncoding = 4; lastKnownFileType = sourcecode.swift; path = ClanContainer.swift; sourceTree = "<group>"; };
		8DC2C5531DFB1A630069A869 /* Clans.json */ = {isa = PBXFileReference; fileEncoding = 4; lastKnownFileType = text.json; path = Clans.json; sourceTree = "<group>"; };
		8DC2C5561DFB1A9F0069A869 /* APIService.swift */ = {isa = PBXFileReference; fileEncoding = 4; lastKnownFileType = sourcecode.swift; path = APIService.swift; sourceTree = "<group>"; };
		8DC2C5581DFB1EED0069A869 /* TempFetcher.swift */ = {isa = PBXFileReference; fileEncoding = 4; lastKnownFileType = sourcecode.swift; path = TempFetcher.swift; sourceTree = "<group>"; };
		8DC2C55A1DFB27070069A869 /* RealmListTransform.swift */ = {isa = PBXFileReference; fileEncoding = 4; lastKnownFileType = sourcecode.swift; path = RealmListTransform.swift; sourceTree = "<group>"; };
		945CCCB5B17BC702BF838DCC /* Pods-CoC.debug.xcconfig */ = {isa = PBXFileReference; includeInIndex = 1; lastKnownFileType = text.xcconfig; name = "Pods-CoC.debug.xcconfig"; path = "Pods/Target Support Files/Pods-CoC/Pods-CoC.debug.xcconfig"; sourceTree = "<group>"; };
		A091BE1AD3617E483FAABC0C /* Pods-CoC.release.xcconfig */ = {isa = PBXFileReference; includeInIndex = 1; lastKnownFileType = text.xcconfig; name = "Pods-CoC.release.xcconfig"; path = "Pods/Target Support Files/Pods-CoC/Pods-CoC.release.xcconfig"; sourceTree = "<group>"; };
		C99DD0811DFE5166003BD1D7 /* Errors.swift */ = {isa = PBXFileReference; fileEncoding = 4; lastKnownFileType = sourcecode.swift; path = Errors.swift; sourceTree = "<group>"; };
		C99DD0831DFFA98B003BD1D7 /* Network.swift */ = {isa = PBXFileReference; fileEncoding = 4; lastKnownFileType = sourcecode.swift; path = Network.swift; sourceTree = "<group>"; };
/* End PBXFileReference section */

/* Begin PBXFrameworksBuildPhase section */
		8DC2C5351DFB188A0069A869 /* Frameworks */ = {
			isa = PBXFrameworksBuildPhase;
			buildActionMask = 2147483647;
			files = (
				C9AE08BC5622A5746A83B5C2 /* Pods_CoC.framework in Frameworks */,
			);
			runOnlyForDeploymentPostprocessing = 0;
		};
/* End PBXFrameworksBuildPhase section */

/* Begin PBXGroup section */
		415E3725687F8985DEEA0A44 /* Frameworks */ = {
			isa = PBXGroup;
			children = (
				2269A03F0A81017156546083 /* Pods_CoC.framework */,
			);
			name = Frameworks;
			sourceTree = "<group>";
		};
		8DC2C52F1DFB188A0069A869 = {
			isa = PBXGroup;
			children = (
				8DC2C53A1DFB188A0069A869 /* CoC */,
				8DC2C5391DFB188A0069A869 /* Products */,
				C1A91FFF922EA36BBD96306B /* Pods */,
				415E3725687F8985DEEA0A44 /* Frameworks */,
			);
			sourceTree = "<group>";
		};
		8DC2C5391DFB188A0069A869 /* Products */ = {
			isa = PBXGroup;
			children = (
				8DC2C5381DFB188A0069A869 /* CoC.app */,
			);
			name = Products;
			sourceTree = "<group>";
		};
		8DC2C53A1DFB188A0069A869 /* CoC */ = {
			isa = PBXGroup;
			children = (
				8DC2C5521DFB1A4F0069A869 /* StubbedResponse */,
				8DC2C53B1DFB188A0069A869 /* AppDelegate.swift */,
				8DC2C53D1DFB188A0069A869 /* ViewController.swift */,
				8DC2C5581DFB1EED0069A869 /* TempFetcher.swift */,
				8DC2C53F1DFB188A0069A869 /* Main.storyboard */,
				8DC2C5421DFB188A0069A869 /* Assets.xcassets */,
				8DC2C5441DFB188A0069A869 /* LaunchScreen.storyboard */,
				8DC2C5471DFB188A0069A869 /* Info.plist */,
				8DC2C5551DFB1A8B0069A869 /* Helpers */,
				8DC2C5511DFB1A160069A869 /* Models */,
			);
			path = CoC;
			sourceTree = "<group>";
		};
		8DC2C5511DFB1A160069A869 /* Models */ = {
			isa = PBXGroup;
			children = (
				C99DD0811DFE5166003BD1D7 /* Errors.swift */,
				8DC2C54D1DFB19470069A869 /* Clan.swift */,
				8DC2C54F1DFB19560069A869 /* ClanContainer.swift */,
			);
			name = Models;
			sourceTree = "<group>";
		};
		8DC2C5521DFB1A4F0069A869 /* StubbedResponse */ = {
			isa = PBXGroup;
			children = (
				8DC2C5531DFB1A630069A869 /* Clans.json */,
			);
			name = StubbedResponse;
			sourceTree = "<group>";
		};
		8DC2C5551DFB1A8B0069A869 /* Helpers */ = {
			isa = PBXGroup;
			children = (
				8DC2C5561DFB1A9F0069A869 /* APIService.swift */,
				8DC2C55A1DFB27070069A869 /* RealmListTransform.swift */,
				C99DD0831DFFA98B003BD1D7 /* Network.swift */,
			);
			name = Helpers;
			sourceTree = "<group>";
		};
		C1A91FFF922EA36BBD96306B /* Pods */ = {
			isa = PBXGroup;
			children = (
				945CCCB5B17BC702BF838DCC /* Pods-CoC.debug.xcconfig */,
				A091BE1AD3617E483FAABC0C /* Pods-CoC.release.xcconfig */,
			);
			name = Pods;
			sourceTree = "<group>";
		};
/* End PBXGroup section */

/* Begin PBXNativeTarget section */
		8DC2C5371DFB188A0069A869 /* CoC */ = {
			isa = PBXNativeTarget;
			buildConfigurationList = 8DC2C54A1DFB188A0069A869 /* Build configuration list for PBXNativeTarget "CoC" */;
			buildPhases = (
				17562DC686DB56EC3C572CCF /* [CP] Check Pods Manifest.lock */,
				8DC2C5341DFB188A0069A869 /* Sources */,
				8DC2C5351DFB188A0069A869 /* Frameworks */,
				8DC2C5361DFB188A0069A869 /* Resources */,
				B329A578A0A0D2990CFC2E78 /* [CP] Embed Pods Frameworks */,
				8D0C794856D9A56995B6480B /* [CP] Copy Pods Resources */,
			);
			buildRules = (
			);
			dependencies = (
			);
			name = CoC;
			productName = CoC;
			productReference = 8DC2C5381DFB188A0069A869 /* CoC.app */;
			productType = "com.apple.product-type.application";
		};
/* End PBXNativeTarget section */

/* Begin PBXProject section */
		8DC2C5301DFB188A0069A869 /* Project object */ = {
			isa = PBXProject;
			attributes = {
				LastSwiftUpdateCheck = 0810;
				LastUpgradeCheck = 0810;
				ORGANIZATIONNAME = Samsao;
				TargetAttributes = {
					8DC2C5371DFB188A0069A869 = {
						CreatedOnToolsVersion = 8.1;
						DevelopmentTeam = 8UQUNTB23H;
						ProvisioningStyle = Automatic;
					};
				};
			};
			buildConfigurationList = 8DC2C5331DFB188A0069A869 /* Build configuration list for PBXProject "CoC" */;
			compatibilityVersion = "Xcode 3.2";
			developmentRegion = English;
			hasScannedForEncodings = 0;
			knownRegions = (
				en,
				Base,
			);
			mainGroup = 8DC2C52F1DFB188A0069A869;
			productRefGroup = 8DC2C5391DFB188A0069A869 /* Products */;
			projectDirPath = "";
			projectRoot = "";
			targets = (
				8DC2C5371DFB188A0069A869 /* CoC */,
			);
		};
/* End PBXProject section */

/* Begin PBXResourcesBuildPhase section */
		8DC2C5361DFB188A0069A869 /* Resources */ = {
			isa = PBXResourcesBuildPhase;
			buildActionMask = 2147483647;
			files = (
				8DC2C5461DFB188A0069A869 /* LaunchScreen.storyboard in Resources */,
				8DC2C5431DFB188A0069A869 /* Assets.xcassets in Resources */,
				8DC2C5541DFB1A630069A869 /* Clans.json in Resources */,
				8DC2C5411DFB188A0069A869 /* Main.storyboard in Resources */,
			);
			runOnlyForDeploymentPostprocessing = 0;
		};
/* End PBXResourcesBuildPhase section */

/* Begin PBXShellScriptBuildPhase section */
		17562DC686DB56EC3C572CCF /* [CP] Check Pods Manifest.lock */ = {
			isa = PBXShellScriptBuildPhase;
			buildActionMask = 2147483647;
			files = (
			);
			inputPaths = (
			);
			name = "[CP] Check Pods Manifest.lock";
			outputPaths = (
			);
			runOnlyForDeploymentPostprocessing = 0;
			shellPath = /bin/sh;
			shellScript = "diff \"${PODS_ROOT}/../Podfile.lock\" \"${PODS_ROOT}/Manifest.lock\" > /dev/null\nif [ $? != 0 ] ; then\n    # print error to STDERR\n    echo \"error: The sandbox is not in sync with the Podfile.lock. Run 'pod install' or update your CocoaPods installation.\" >&2\n    exit 1\nfi\n";
			showEnvVarsInLog = 0;
		};
		8D0C794856D9A56995B6480B /* [CP] Copy Pods Resources */ = {
			isa = PBXShellScriptBuildPhase;
			buildActionMask = 2147483647;
			files = (
			);
			inputPaths = (
			);
			name = "[CP] Copy Pods Resources";
			outputPaths = (
			);
			runOnlyForDeploymentPostprocessing = 0;
			shellPath = /bin/sh;
			shellScript = "\"${SRCROOT}/Pods/Target Support Files/Pods-CoC/Pods-CoC-resources.sh\"\n";
			showEnvVarsInLog = 0;
		};
		B329A578A0A0D2990CFC2E78 /* [CP] Embed Pods Frameworks */ = {
			isa = PBXShellScriptBuildPhase;
			buildActionMask = 2147483647;
			files = (
			);
			inputPaths = (
			);
			name = "[CP] Embed Pods Frameworks";
			outputPaths = (
			);
			runOnlyForDeploymentPostprocessing = 0;
			shellPath = /bin/sh;
			shellScript = "\"${SRCROOT}/Pods/Target Support Files/Pods-CoC/Pods-CoC-frameworks.sh\"\n";
			showEnvVarsInLog = 0;
		};
/* End PBXShellScriptBuildPhase section */

/* Begin PBXSourcesBuildPhase section */
		8DC2C5341DFB188A0069A869 /* Sources */ = {
			isa = PBXSourcesBuildPhase;
			buildActionMask = 2147483647;
			files = (
				8DC2C53E1DFB188A0069A869 /* ViewController.swift in Sources */,
				8DC2C5571DFB1A9F0069A869 /* APIService.swift in Sources */,
				8DC2C53C1DFB188A0069A869 /* AppDelegate.swift in Sources */,
				8DC2C55B1DFB27070069A869 /* RealmListTransform.swift in Sources */,
				C99DD0821DFE5166003BD1D7 /* Errors.swift in Sources */,
				C99DD0841DFFA98B003BD1D7 /* Network.swift in Sources */,
				8DC2C5591DFB1EED0069A869 /* TempFetcher.swift in Sources */,
				8DC2C54E1DFB19470069A869 /* Clan.swift in Sources */,
				8DC2C5501DFB19560069A869 /* ClanContainer.swift in Sources */,
			);
			runOnlyForDeploymentPostprocessing = 0;
		};
/* End PBXSourcesBuildPhase section */

/* Begin PBXVariantGroup section */
		8DC2C53F1DFB188A0069A869 /* Main.storyboard */ = {
			isa = PBXVariantGroup;
			children = (
				8DC2C5401DFB188A0069A869 /* Base */,
			);
			name = Main.storyboard;
			sourceTree = "<group>";
		};
		8DC2C5441DFB188A0069A869 /* LaunchScreen.storyboard */ = {
			isa = PBXVariantGroup;
			children = (
				8DC2C5451DFB188A0069A869 /* Base */,
			);
			name = LaunchScreen.storyboard;
			sourceTree = "<group>";
		};
/* End PBXVariantGroup section */

/* Begin XCBuildConfiguration section */
		8DC2C5481DFB188A0069A869 /* Debug */ = {
			isa = XCBuildConfiguration;
			buildSettings = {
				ALWAYS_SEARCH_USER_PATHS = NO;
				CLANG_ANALYZER_NONNULL = YES;
				CLANG_CXX_LANGUAGE_STANDARD = "gnu++0x";
				CLANG_CXX_LIBRARY = "libc++";
				CLANG_ENABLE_MODULES = YES;
				CLANG_ENABLE_OBJC_ARC = YES;
				CLANG_WARN_BOOL_CONVERSION = YES;
				CLANG_WARN_CONSTANT_CONVERSION = YES;
				CLANG_WARN_DIRECT_OBJC_ISA_USAGE = YES_ERROR;
				CLANG_WARN_DOCUMENTATION_COMMENTS = YES;
				CLANG_WARN_EMPTY_BODY = YES;
				CLANG_WARN_ENUM_CONVERSION = YES;
				CLANG_WARN_INFINITE_RECURSION = YES;
				CLANG_WARN_INT_CONVERSION = YES;
				CLANG_WARN_OBJC_ROOT_CLASS = YES_ERROR;
				CLANG_WARN_SUSPICIOUS_MOVE = YES;
				CLANG_WARN_SUSPICIOUS_MOVES = YES;
				CLANG_WARN_UNREACHABLE_CODE = YES;
				CLANG_WARN__DUPLICATE_METHOD_MATCH = YES;
				"CODE_SIGN_IDENTITY[sdk=iphoneos*]" = "iPhone Developer";
				COPY_PHASE_STRIP = NO;
				DEBUG_INFORMATION_FORMAT = dwarf;
				ENABLE_STRICT_OBJC_MSGSEND = YES;
				ENABLE_TESTABILITY = YES;
				GCC_C_LANGUAGE_STANDARD = gnu99;
				GCC_DYNAMIC_NO_PIC = NO;
				GCC_NO_COMMON_BLOCKS = YES;
				GCC_OPTIMIZATION_LEVEL = 0;
				GCC_PREPROCESSOR_DEFINITIONS = (
					"DEBUG=1",
					"$(inherited)",
				);
				GCC_WARN_64_TO_32_BIT_CONVERSION = YES;
				GCC_WARN_ABOUT_RETURN_TYPE = YES_ERROR;
				GCC_WARN_UNDECLARED_SELECTOR = YES;
				GCC_WARN_UNINITIALIZED_AUTOS = YES_AGGRESSIVE;
				GCC_WARN_UNUSED_FUNCTION = YES;
				GCC_WARN_UNUSED_VARIABLE = YES;
				IPHONEOS_DEPLOYMENT_TARGET = 10.1;
				MTL_ENABLE_DEBUG_INFO = YES;
				ONLY_ACTIVE_ARCH = YES;
				SDKROOT = iphoneos;
				SWIFT_ACTIVE_COMPILATION_CONDITIONS = DEBUG;
				SWIFT_OPTIMIZATION_LEVEL = "-Onone";
				TARGETED_DEVICE_FAMILY = "1,2";
			};
			name = Debug;
		};
		8DC2C5491DFB188A0069A869 /* Release */ = {
			isa = XCBuildConfiguration;
			buildSettings = {
				ALWAYS_SEARCH_USER_PATHS = NO;
				CLANG_ANALYZER_NONNULL = YES;
				CLANG_CXX_LANGUAGE_STANDARD = "gnu++0x";
				CLANG_CXX_LIBRARY = "libc++";
				CLANG_ENABLE_MODULES = YES;
				CLANG_ENABLE_OBJC_ARC = YES;
				CLANG_WARN_BOOL_CONVERSION = YES;
				CLANG_WARN_CONSTANT_CONVERSION = YES;
				CLANG_WARN_DIRECT_OBJC_ISA_USAGE = YES_ERROR;
				CLANG_WARN_DOCUMENTATION_COMMENTS = YES;
				CLANG_WARN_EMPTY_BODY = YES;
				CLANG_WARN_ENUM_CONVERSION = YES;
				CLANG_WARN_INFINITE_RECURSION = YES;
				CLANG_WARN_INT_CONVERSION = YES;
				CLANG_WARN_OBJC_ROOT_CLASS = YES_ERROR;
				CLANG_WARN_SUSPICIOUS_MOVE = YES;
				CLANG_WARN_SUSPICIOUS_MOVES = YES;
				CLANG_WARN_UNREACHABLE_CODE = YES;
				CLANG_WARN__DUPLICATE_METHOD_MATCH = YES;
				"CODE_SIGN_IDENTITY[sdk=iphoneos*]" = "iPhone Developer";
				COPY_PHASE_STRIP = NO;
				DEBUG_INFORMATION_FORMAT = "dwarf-with-dsym";
				ENABLE_NS_ASSERTIONS = NO;
				ENABLE_STRICT_OBJC_MSGSEND = YES;
				GCC_C_LANGUAGE_STANDARD = gnu99;
				GCC_NO_COMMON_BLOCKS = YES;
				GCC_WARN_64_TO_32_BIT_CONVERSION = YES;
				GCC_WARN_ABOUT_RETURN_TYPE = YES_ERROR;
				GCC_WARN_UNDECLARED_SELECTOR = YES;
				GCC_WARN_UNINITIALIZED_AUTOS = YES_AGGRESSIVE;
				GCC_WARN_UNUSED_FUNCTION = YES;
				GCC_WARN_UNUSED_VARIABLE = YES;
				IPHONEOS_DEPLOYMENT_TARGET = 10.1;
				MTL_ENABLE_DEBUG_INFO = NO;
				SDKROOT = iphoneos;
				SWIFT_OPTIMIZATION_LEVEL = "-Owholemodule";
				TARGETED_DEVICE_FAMILY = "1,2";
				VALIDATE_PRODUCT = YES;
			};
			name = Release;
		};
		8DC2C54B1DFB188A0069A869 /* Debug */ = {
			isa = XCBuildConfiguration;
			baseConfigurationReference = 945CCCB5B17BC702BF838DCC /* Pods-CoC.debug.xcconfig */;
			buildSettings = {
				ALWAYS_EMBED_SWIFT_STANDARD_LIBRARIES = YES;
				ASSETCATALOG_COMPILER_APPICON_NAME = AppIcon;
				DEVELOPMENT_TEAM = 8UQUNTB23H;
				INFOPLIST_FILE = CoC/Info.plist;
				LD_RUNPATH_SEARCH_PATHS = "$(inherited) @executable_path/Frameworks";
				PRODUCT_BUNDLE_IDENTIFIER = co.samsao.CoC;
				PRODUCT_NAME = "$(TARGET_NAME)";
				SWIFT_VERSION = 3.0;
			};
			name = Debug;
		};
		8DC2C54C1DFB188A0069A869 /* Release */ = {
			isa = XCBuildConfiguration;
			baseConfigurationReference = A091BE1AD3617E483FAABC0C /* Pods-CoC.release.xcconfig */;
			buildSettings = {
				ALWAYS_EMBED_SWIFT_STANDARD_LIBRARIES = YES;
				ASSETCATALOG_COMPILER_APPICON_NAME = AppIcon;
				DEVELOPMENT_TEAM = 8UQUNTB23H;
				INFOPLIST_FILE = CoC/Info.plist;
				LD_RUNPATH_SEARCH_PATHS = "$(inherited) @executable_path/Frameworks";
				PRODUCT_BUNDLE_IDENTIFIER = co.samsao.CoC;
				PRODUCT_NAME = "$(TARGET_NAME)";
				SWIFT_VERSION = 3.0;
			};
			name = Release;
		};
/* End XCBuildConfiguration section */

/* Begin XCConfigurationList section */
		8DC2C5331DFB188A0069A869 /* Build configuration list for PBXProject "CoC" */ = {
			isa = XCConfigurationList;
			buildConfigurations = (
				8DC2C5481DFB188A0069A869 /* Debug */,
				8DC2C5491DFB188A0069A869 /* Release */,
			);
			defaultConfigurationIsVisible = 0;
			defaultConfigurationName = Release;
		};
		8DC2C54A1DFB188A0069A869 /* Build configuration list for PBXNativeTarget "CoC" */ = {
			isa = XCConfigurationList;
			buildConfigurations = (
				8DC2C54B1DFB188A0069A869 /* Debug */,
				8DC2C54C1DFB188A0069A869 /* Release */,
			);
			defaultConfigurationIsVisible = 0;
			defaultConfigurationName = Release;
		};
/* End XCConfigurationList section */
	};
	rootObject = 8DC2C5301DFB188A0069A869 /* Project object */;
}
